
Microsoft Visual Studio Solution File, Format Version 12.00
# Visual Studio Version 16
VisualStudioVersion = 16.0.29806.167
MinimumVisualStudioVersion = 10.0.40219.1
Project("{FAE04EC0-301F-11D3-BF4B-00C04F79EFBC}") = "StylesAndAnimations", "StylesAndAnimations\StylesAndAnimations.csproj", "{7930F9BA-9F6C-4D39-B2B9-95DB6C651098}"
EndProject
Global
	GlobalSection(SolutionConfigurationPlatforms) = preSolution
		Debug|Any CPU = Debug|Any CPU
		Release|Any CPU = Release|Any CPU
	EndGlobalSection
	GlobalSection(ProjectConfigurationPlatforms) = postSolution
		{7930F9BA-9F6C-4D39-B2B9-95DB6C651098}.Debug|Any CPU.ActiveCfg = Debug|Any CPU
		{7930F9BA-9F6C-4D39-B2B9-95DB6C651098}.Debug|Any CPU.Build.0 = Debug|Any CPU
		{7930F9BA-9F6C-4D39-B2B9-95DB6C651098}.Release|Any CPU.ActiveCfg = Release|Any CPU
		{7930F9BA-9F6C-4D39-B2B9-95DB6C651098}.Release|Any CPU.Build.0 = Release|Any CPU
	EndGlobalSection
	GlobalSection(SolutionProperties) = preSolution
		HideSolutionNode = FALSE
	EndGlobalSection
	GlobalSection(ExtensibilityGlobals) = postSolution
		SolutionGuid = {0342B30E-657D-4B5B-AA38-01921C9B3547}
	EndGlobalSection
EndGlobal
